
Microsoft Visual Studio Solution File, Format Version 12.00
# Visual Studio Version 16
VisualStudioVersion = 16.0.29709.97
MinimumVisualStudioVersion = 10.0.40219.1
Project("{FAE04EC0-301F-11D3-BF4B-00C04F79EFBC}") = "ELMAHLogger", "ELMAHLogger\ELMAHLogger.csproj", "{7B0C211C-0A7B-4981-87CE-6B0F4EDF743F}"
EndProject
Global
	GlobalSection(SolutionConfigurationPlatforms) = preSolution
		Debug|Any CPU = Debug|Any CPU
		Release|Any CPU = Release|Any CPU
	EndGlobalSection
	GlobalSection(ProjectConfigurationPlatforms) = postSolution
		{7B0C211C-0A7B-4981-87CE-6B0F4EDF743F}.Debug|Any CPU.ActiveCfg = Debug|Any CPU
		{7B0C211C-0A7B-4981-87CE-6B0F4EDF743F}.Debug|Any CPU.Build.0 = Debug|Any CPU
		{7B0C211C-0A7B-4981-87CE-6B0F4EDF743F}.Release|Any CPU.ActiveCfg = Release|Any CPU
		{7B0C211C-0A7B-4981-87CE-6B0F4EDF743F}.Release|Any CPU.Build.0 = Release|Any CPU
	EndGlobalSection
	GlobalSection(SolutionProperties) = preSolution
		HideSolutionNode = FALSE
	EndGlobalSection
	GlobalSection(ExtensibilityGlobals) = postSolution
		SolutionGuid = {DF50012C-81E2-45D8-966B-4CE9ACF23F05}
	EndGlobalSection
EndGlobal
